// !$*UTF8*$!
{
	archiveVersion = 1;
	classes = {
	};
	objectVersion = 50;
	objects = {

/* Begin PBXBuildFile section */
		3B181F47213750AB000BC129 /* AppDelegate.swift in Sources */ = {isa = PBXBuildFile; fileRef = 3B181F46213750AB000BC129 /* AppDelegate.swift */; };
		3B181F4C213750AB000BC129 /* Main.storyboard in Resources */ = {isa = PBXBuildFile; fileRef = 3B181F4A213750AB000BC129 /* Main.storyboard */; };
		3B181F4E213750AB000BC129 /* Assets.xcassets in Resources */ = {isa = PBXBuildFile; fileRef = 3B181F4D213750AB000BC129 /* Assets.xcassets */; };
		3B181F51213750AB000BC129 /* LaunchScreen.storyboard in Resources */ = {isa = PBXBuildFile; fileRef = 3B181F4F213750AB000BC129 /* LaunchScreen.storyboard */; };
		3B181F5E21375342000BC129 /* TaskListTableViewController.swift in Sources */ = {isa = PBXBuildFile; fileRef = 3B181F5D21375342000BC129 /* TaskListTableViewController.swift */; };
		3B181F60213753C1000BC129 /* TaskDetailTableViewController.swift in Sources */ = {isa = PBXBuildFile; fileRef = 3B181F5F213753C1000BC129 /* TaskDetailTableViewController.swift */; };
		3B181F63213753DF000BC129 /* Task.xcdatamodeld in Sources */ = {isa = PBXBuildFile; fileRef = 3B181F61213753DF000BC129 /* Task.xcdatamodeld */; };
		3B181F652137540D000BC129 /* CoreDataStack.swift in Sources */ = {isa = PBXBuildFile; fileRef = 3B181F642137540D000BC129 /* CoreDataStack.swift */; };
		3B181F6721375767000BC129 /* Task+Convenience.swift in Sources */ = {isa = PBXBuildFile; fileRef = 3B181F6621375767000BC129 /* Task+Convenience.swift */; };
		3B181F69213759C5000BC129 /* TaskController.swift in Sources */ = {isa = PBXBuildFile; fileRef = 3B181F68213759C5000BC129 /* TaskController.swift */; };
		3B181F6B21375FF9000BC129 /* TaskCellTableViewCell.swift in Sources */ = {isa = PBXBuildFile; fileRef = 3B181F6A21375FF9000BC129 /* TaskCellTableViewCell.swift */; };
/* End PBXBuildFile section */

/* Begin PBXFileReference section */
		3B181F43213750AB000BC129 /* Task.app */ = {isa = PBXFileReference; explicitFileType = wrapper.application; includeInIndex = 0; path = Task.app; sourceTree = BUILT_PRODUCTS_DIR; };
		3B181F46213750AB000BC129 /* AppDelegate.swift */ = {isa = PBXFileReference; lastKnownFileType = sourcecode.swift; path = AppDelegate.swift; sourceTree = "<group>"; };
		3B181F4B213750AB000BC129 /* Base */ = {isa = PBXFileReference; lastKnownFileType = file.storyboard; name = Base; path = Base.lproj/Main.storyboard; sourceTree = "<group>"; };
		3B181F4D213750AB000BC129 /* Assets.xcassets */ = {isa = PBXFileReference; lastKnownFileType = folder.assetcatalog; path = Assets.xcassets; sourceTree = "<group>"; };
		3B181F50213750AB000BC129 /* Base */ = {isa = PBXFileReference; lastKnownFileType = file.storyboard; name = Base; path = Base.lproj/LaunchScreen.storyboard; sourceTree = "<group>"; };
		3B181F52213750AB000BC129 /* Info.plist */ = {isa = PBXFileReference; lastKnownFileType = text.plist.xml; path = Info.plist; sourceTree = "<group>"; };
		3B181F5D21375342000BC129 /* TaskListTableViewController.swift */ = {isa = PBXFileReference; lastKnownFileType = sourcecode.swift; path = TaskListTableViewController.swift; sourceTree = "<group>"; };
		3B181F5F213753C1000BC129 /* TaskDetailTableViewController.swift */ = {isa = PBXFileReference; lastKnownFileType = sourcecode.swift; path = TaskDetailTableViewController.swift; sourceTree = "<group>"; };
		3B181F62213753DF000BC129 /* Task.xcdatamodel */ = {isa = PBXFileReference; lastKnownFileType = wrapper.xcdatamodel; path = Task.xcdatamodel; sourceTree = "<group>"; };
		3B181F642137540D000BC129 /* CoreDataStack.swift */ = {isa = PBXFileReference; lastKnownFileType = sourcecode.swift; path = CoreDataStack.swift; sourceTree = "<group>"; };
		3B181F6621375767000BC129 /* Task+Convenience.swift */ = {isa = PBXFileReference; lastKnownFileType = sourcecode.swift; path = "Task+Convenience.swift"; sourceTree = "<group>"; };
		3B181F68213759C5000BC129 /* TaskController.swift */ = {isa = PBXFileReference; lastKnownFileType = sourcecode.swift; path = TaskController.swift; sourceTree = "<group>"; };
		3B181F6A21375FF9000BC129 /* TaskCellTableViewCell.swift */ = {isa = PBXFileReference; lastKnownFileType = sourcecode.swift; path = TaskCellTableViewCell.swift; sourceTree = "<group>"; };
/* End PBXFileReference section */

/* Begin PBXFrameworksBuildPhase section */
		3B181F40213750AB000BC129 /* Frameworks */ = {
			isa = PBXFrameworksBuildPhase;
			buildActionMask = 2147483647;
			files = (
			);
			runOnlyForDeploymentPostprocessing = 0;
		};
/* End PBXFrameworksBuildPhase section */

/* Begin PBXGroup section */
		3B181F3A213750AB000BC129 = {
			isa = PBXGroup;
			children = (
				3B181F45213750AB000BC129 /* Task */,
				3B181F44213750AB000BC129 /* Products */,
			);
			sourceTree = "<group>";
		};
		3B181F44213750AB000BC129 /* Products */ = {
			isa = PBXGroup;
			children = (
				3B181F43213750AB000BC129 /* Task.app */,
			);
			name = Products;
			sourceTree = "<group>";
		};
		3B181F45213750AB000BC129 /* Task */ = {
			isa = PBXGroup;
			children = (
				3B181F5A213752EF000BC129 /* Models */,
				3B181F5C21375307000BC129 /* Views */,
				3B181F5B213752F5000BC129 /* Controllers */,
				3B181F59213752B7000BC129 /* View Controllers */,
				3B181F58213750CD000BC129 /* Resources */,
			);
			path = Task;
			sourceTree = "<group>";
		};
		3B181F58213750CD000BC129 /* Resources */ = {
			isa = PBXGroup;
			children = (
				3B181F4F213750AB000BC129 /* LaunchScreen.storyboard */,
				3B181F46213750AB000BC129 /* AppDelegate.swift */,
				3B181F52213750AB000BC129 /* Info.plist */,
				3B181F4D213750AB000BC129 /* Assets.xcassets */,
			);
			path = Resources;
			sourceTree = "<group>";
		};
		3B181F59213752B7000BC129 /* View Controllers */ = {
			isa = PBXGroup;
			children = (
				3B181F5D21375342000BC129 /* TaskListTableViewController.swift */,
				3B181F5F213753C1000BC129 /* TaskDetailTableViewController.swift */,
			);
			path = "View Controllers";
			sourceTree = "<group>";
		};
		3B181F5A213752EF000BC129 /* Models */ = {
			isa = PBXGroup;
			children = (
				3B181F61213753DF000BC129 /* Task.xcdatamodeld */,
				3B181F642137540D000BC129 /* CoreDataStack.swift */,
				3B181F6621375767000BC129 /* Task+Convenience.swift */,
			);
			path = Models;
			sourceTree = "<group>";
		};
		3B181F5B213752F5000BC129 /* Controllers */ = {
			isa = PBXGroup;
			children = (
				3B181F68213759C5000BC129 /* TaskController.swift */,
			);
			path = Controllers;
			sourceTree = "<group>";
		};
		3B181F5C21375307000BC129 /* Views */ = {
			isa = PBXGroup;
			children = (
				3B181F6A21375FF9000BC129 /* TaskCellTableViewCell.swift */,
				3B181F4A213750AB000BC129 /* Main.storyboard */,
			);
			path = Views;
			sourceTree = "<group>";
		};
/* End PBXGroup section */

/* Begin PBXNativeTarget section */
		3B181F42213750AB000BC129 /* Task */ = {
			isa = PBXNativeTarget;
			buildConfigurationList = 3B181F55213750AB000BC129 /* Build configuration list for PBXNativeTarget "Task" */;
			buildPhases = (
				3B181F3F213750AB000BC129 /* Sources */,
				3B181F40213750AB000BC129 /* Frameworks */,
				3B181F41213750AB000BC129 /* Resources */,
			);
			buildRules = (
			);
			dependencies = (
			);
			name = Task;
			productName = Task;
			productReference = 3B181F43213750AB000BC129 /* Task.app */;
			productType = "com.apple.product-type.application";
		};
/* End PBXNativeTarget section */

/* Begin PBXProject section */
		3B181F3B213750AB000BC129 /* Project object */ = {
			isa = PBXProject;
			attributes = {
				LastSwiftUpdateCheck = 0940;
				LastUpgradeCheck = 0940;
				ORGANIZATIONNAME = "Kamil Wrobel";
				TargetAttributes = {
					3B181F42213750AB000BC129 = {
						CreatedOnToolsVersion = 9.4.1;
					};
				};
			};
			buildConfigurationList = 3B181F3E213750AB000BC129 /* Build configuration list for PBXProject "Task" */;
			compatibilityVersion = "Xcode 9.3";
			developmentRegion = en;
			hasScannedForEncodings = 0;
			knownRegions = (
				en,
				Base,
			);
			mainGroup = 3B181F3A213750AB000BC129;
			productRefGroup = 3B181F44213750AB000BC129 /* Products */;
			projectDirPath = "";
			projectRoot = "";
			targets = (
				3B181F42213750AB000BC129 /* Task */,
			);
		};
/* End PBXProject section */

/* Begin PBXResourcesBuildPhase section */
		3B181F41213750AB000BC129 /* Resources */ = {
			isa = PBXResourcesBuildPhase;
			buildActionMask = 2147483647;
			files = (
				3B181F51213750AB000BC129 /* LaunchScreen.storyboard in Resources */,
				3B181F4E213750AB000BC129 /* Assets.xcassets in Resources */,
				3B181F4C213750AB000BC129 /* Main.storyboard in Resources */,
			);
			runOnlyForDeploymentPostprocessing = 0;
		};
/* End PBXResourcesBuildPhase section */

/* Begin PBXSourcesBuildPhase section */
		3B181F3F213750AB000BC129 /* Sources */ = {
			isa = PBXSourcesBuildPhase;
			buildActionMask = 2147483647;
			files = (
				3B181F69213759C5000BC129 /* TaskController.swift in Sources */,
				3B181F652137540D000BC129 /* CoreDataStack.swift in Sources */,
				3B181F63213753DF000BC129 /* Task.xcdatamodeld in Sources */,
				3B181F6721375767000BC129 /* Task+Convenience.swift in Sources */,
				3B181F6B21375FF9000BC129 /* TaskCellTableViewCell.swift in Sources */,
				3B181F5E21375342000BC129 /* TaskListTableViewController.swift in Sources */,
				3B181F47213750AB000BC129 /* AppDelegate.swift in Sources */,
				3B181F60213753C1000BC129 /* TaskDetailTableViewController.swift in Sources */,
			);
			runOnlyForDeploymentPostprocessing = 0;
		};
/* End PBXSourcesBuildPhase section */

/* Begin PBXVariantGroup section */
		3B181F4A213750AB000BC129 /* Main.storyboard */ = {
			isa = PBXVariantGroup;
			children = (
				3B181F4B213750AB000BC129 /* Base */,
			);
			name = Main.storyboard;
			sourceTree = "<group>";
		};
		3B181F4F213750AB000BC129 /* LaunchScreen.storyboard */ = {
			isa = PBXVariantGroup;
			children = (
				3B181F50213750AB000BC129 /* Base */,
			);
			name = LaunchScreen.storyboard;
			sourceTree = "<group>";
		};
/* End PBXVariantGroup section */

/* Begin XCBuildConfiguration section */
		3B181F53213750AB000BC129 /* Debug */ = {
			isa = XCBuildConfiguration;
			buildSettings = {
				ALWAYS_SEARCH_USER_PATHS = NO;
				CLANG_ANALYZER_NONNULL = YES;
				CLANG_ANALYZER_NUMBER_OBJECT_CONVERSION = YES_AGGRESSIVE;
				CLANG_CXX_LANGUAGE_STANDARD = "gnu++14";
				CLANG_CXX_LIBRARY = "libc++";
				CLANG_ENABLE_MODULES = YES;
				CLANG_ENABLE_OBJC_ARC = YES;
				CLANG_ENABLE_OBJC_WEAK = YES;
				CLANG_WARN_BLOCK_CAPTURE_AUTORELEASING = YES;
				CLANG_WARN_BOOL_CONVERSION = YES;
				CLANG_WARN_COMMA = YES;
				CLANG_WARN_CONSTANT_CONVERSION = YES;
				CLANG_WARN_DEPRECATED_OBJC_IMPLEMENTATIONS = YES;
				CLANG_WARN_DIRECT_OBJC_ISA_USAGE = YES_ERROR;
				CLANG_WARN_DOCUMENTATION_COMMENTS = YES;
				CLANG_WARN_EMPTY_BODY = YES;
				CLANG_WARN_ENUM_CONVERSION = YES;
				CLANG_WARN_INFINITE_RECURSION = YES;
				CLANG_WARN_INT_CONVERSION = YES;
				CLANG_WARN_NON_LITERAL_NULL_CONVERSION = YES;
				CLANG_WARN_OBJC_IMPLICIT_RETAIN_SELF = YES;
				CLANG_WARN_OBJC_LITERAL_CONVERSION = YES;
				CLANG_WARN_OBJC_ROOT_CLASS = YES_ERROR;
				CLANG_WARN_RANGE_LOOP_ANALYSIS = YES;
				CLANG_WARN_STRICT_PROTOTYPES = YES;
				CLANG_WARN_SUSPICIOUS_MOVE = YES;
				CLANG_WARN_UNGUARDED_AVAILABILITY = YES_AGGRESSIVE;
				CLANG_WARN_UNREACHABLE_CODE = YES;
				CLANG_WARN__DUPLICATE_METHOD_MATCH = YES;
				CODE_SIGN_IDENTITY = "iPhone Developer";
				COPY_PHASE_STRIP = NO;
				DEBUG_INFORMATION_FORMAT = dwarf;
				ENABLE_STRICT_OBJC_MSGSEND = YES;
				ENABLE_TESTABILITY = YES;
				GCC_C_LANGUAGE_STANDARD = gnu11;
				GCC_DYNAMIC_NO_PIC = NO;
				GCC_NO_COMMON_BLOCKS = YES;
				GCC_OPTIMIZATION_LEVEL = 0;
				GCC_PREPROCESSOR_DEFINITIONS = (
					"DEBUG=1",
					"$(inherited)",
				);
				GCC_WARN_64_TO_32_BIT_CONVERSION = YES;
				GCC_WARN_ABOUT_RETURN_TYPE = YES_ERROR;
				GCC_WARN_UNDECLARED_SELECTOR = YES;
				GCC_WARN_UNINITIALIZED_AUTOS = YES_AGGRESSIVE;
				GCC_WARN_UNUSED_FUNCTION = YES;
				GCC_WARN_UNUSED_VARIABLE = YES;
				IPHONEOS_DEPLOYMENT_TARGET = 11.4;
				MTL_ENABLE_DEBUG_INFO = YES;
				ONLY_ACTIVE_ARCH = YES;
				SDKROOT = iphoneos;
				SWIFT_ACTIVE_COMPILATION_CONDITIONS = DEBUG;
				SWIFT_OPTIMIZATION_LEVEL = "-Onone";
			};
			name = Debug;
		};
		3B181F54213750AB000BC129 /* Release */ = {
			isa = XCBuildConfiguration;
			buildSettings = {
				ALWAYS_SEARCH_USER_PATHS = NO;
				CLANG_ANALYZER_NONNULL = YES;
				CLANG_ANALYZER_NUMBER_OBJECT_CONVERSION = YES_AGGRESSIVE;
				CLANG_CXX_LANGUAGE_STANDARD = "gnu++14";
				CLANG_CXX_LIBRARY = "libc++";
				CLANG_ENABLE_MODULES = YES;
				CLANG_ENABLE_OBJC_ARC = YES;
				CLANG_ENABLE_OBJC_WEAK = YES;
				CLANG_WARN_BLOCK_CAPTURE_AUTORELEASING = YES;
				CLANG_WARN_BOOL_CONVERSION = YES;
				CLANG_WARN_COMMA = YES;
				CLANG_WARN_CONSTANT_CONVERSION = YES;
				CLANG_WARN_DEPRECATED_OBJC_IMPLEMENTATIONS = YES;
				CLANG_WARN_DIRECT_OBJC_ISA_USAGE = YES_ERROR;
				CLANG_WARN_DOCUMENTATION_COMMENTS = YES;
				CLANG_WARN_EMPTY_BODY = YES;
				CLANG_WARN_ENUM_CONVERSION = YES;
				CLANG_WARN_INFINITE_RECURSION = YES;
				CLANG_WARN_INT_CONVERSION = YES;
				CLANG_WARN_NON_LITERAL_NULL_CONVERSION = YES;
				CLANG_WARN_OBJC_IMPLICIT_RETAIN_SELF = YES;
				CLANG_WARN_OBJC_LITERAL_CONVERSION = YES;
				CLANG_WARN_OBJC_ROOT_CLASS = YES_ERROR;
				CLANG_WARN_RANGE_LOOP_ANALYSIS = YES;
				CLANG_WARN_STRICT_PROTOTYPES = YES;
				CLANG_WARN_SUSPICIOUS_MOVE = YES;
				CLANG_WARN_UNGUARDED_AVAILABILITY = YES_AGGRESSIVE;
				CLANG_WARN_UNREACHABLE_CODE = YES;
				CLANG_WARN__DUPLICATE_METHOD_MATCH = YES;
				CODE_SIGN_IDENTITY = "iPhone Developer";
				COPY_PHASE_STRIP = NO;
				DEBUG_INFORMATION_FORMAT = "dwarf-with-dsym";
				ENABLE_NS_ASSERTIONS = NO;
				ENABLE_STRICT_OBJC_MSGSEND = YES;
				GCC_C_LANGUAGE_STANDARD = gnu11;
				GCC_NO_COMMON_BLOCKS = YES;
				GCC_WARN_64_TO_32_BIT_CONVERSION = YES;
				GCC_WARN_ABOUT_RETURN_TYPE = YES_ERROR;
				GCC_WARN_UNDECLARED_SELECTOR = YES;
				GCC_WARN_UNINITIALIZED_AUTOS = YES_AGGRESSIVE;
				GCC_WARN_UNUSED_FUNCTION = YES;
				GCC_WARN_UNUSED_VARIABLE = YES;
				IPHONEOS_DEPLOYMENT_TARGET = 11.4;
				MTL_ENABLE_DEBUG_INFO = NO;
				SDKROOT = iphoneos;
				SWIFT_COMPILATION_MODE = wholemodule;
				SWIFT_OPTIMIZATION_LEVEL = "-O";
				VALIDATE_PRODUCT = YES;
			};
			name = Release;
		};
		3B181F56213750AB000BC129 /* Debug */ = {
			isa = XCBuildConfiguration;
			buildSettings = {
				ASSETCATALOG_COMPILER_APPICON_NAME = AppIcon;
				CODE_SIGN_STYLE = Automatic;
				DEVELOPMENT_TEAM = 5EAUJPVR66;
				INFOPLIST_FILE = "$(SRCROOT)/Task/Resources/Info.plist";
				LD_RUNPATH_SEARCH_PATHS = (
					"$(inherited)",
					"@executable_path/Frameworks",
				);
				PRODUCT_BUNDLE_IDENTIFIER = com.xwrobelekx.Task;
				PRODUCT_NAME = "$(TARGET_NAME)";
				SWIFT_VERSION = 4.0;
				TARGETED_DEVICE_FAMILY = "1,2";
			};
			name = Debug;
		};
		3B181F57213750AB000BC129 /* Release */ = {
			isa = XCBuildConfiguration;
			buildSettings = {
				ASSETCATALOG_COMPILER_APPICON_NAME = AppIcon;
				CODE_SIGN_STYLE = Automatic;
				DEVELOPMENT_TEAM = 5EAUJPVR66;
				INFOPLIST_FILE = "$(SRCROOT)/Task/Resources/Info.plist";
				LD_RUNPATH_SEARCH_PATHS = (
					"$(inherited)",
					"@executable_path/Frameworks",
				);
				PRODUCT_BUNDLE_IDENTIFIER = com.xwrobelekx.Task;
				PRODUCT_NAME = "$(TARGET_NAME)";
				SWIFT_VERSION = 4.0;
				TARGETED_DEVICE_FAMILY = "1,2";
			};
			name = Release;
		};
/* End XCBuildConfiguration section */

/* Begin XCConfigurationList section */
		3B181F3E213750AB000BC129 /* Build configuration list for PBXProject "Task" */ = {
			isa = XCConfigurationList;
			buildConfigurations = (
				3B181F53213750AB000BC129 /* Debug */,
				3B181F54213750AB000BC129 /* Release */,
			);
			defaultConfigurationIsVisible = 0;
			defaultConfigurationName = Release;
		};
		3B181F55213750AB000BC129 /* Build configuration list for PBXNativeTarget "Task" */ = {
			isa = XCConfigurationList;
			buildConfigurations = (
				3B181F56213750AB000BC129 /* Debug */,
				3B181F57213750AB000BC129 /* Release */,
			);
			defaultConfigurationIsVisible = 0;
			defaultConfigurationName = Release;
		};
/* End XCConfigurationList section */

/* Begin XCVersionGroup section */
		3B181F61213753DF000BC129 /* Task.xcdatamodeld */ = {
			isa = XCVersionGroup;
			children = (
				3B181F62213753DF000BC129 /* Task.xcdatamodel */,
			);
			currentVersion = 3B181F62213753DF000BC129 /* Task.xcdatamodel */;
			path = Task.xcdatamodeld;
			sourceTree = "<group>";
			versionGroupType = wrapper.xcdatamodel;
		};
/* End XCVersionGroup section */
	};
	rootObject = 3B181F3B213750AB000BC129 /* Project object */;
}
